// !$*UTF8*$!
{
	archiveVersion = 1;
	classes = {
	};
	objectVersion = 56;
	objects = {

/* Begin PBXBuildFile section */
		781B37262940E8D700068392 /* push_notifications_lecture_11App.swift in Sources */ = {isa = PBXBuildFile; fileRef = 781B37252940E8D700068392 /* push_notifications_lecture_11App.swift */; };
		781B37282940E8D700068392 /* ContentView.swift in Sources */ = {isa = PBXBuildFile; fileRef = 781B37272940E8D700068392 /* ContentView.swift */; };
		781B372A2940E8D800068392 /* Assets.xcassets in Resources */ = {isa = PBXBuildFile; fileRef = 781B37292940E8D800068392 /* Assets.xcassets */; };
		781B372D2940E8D800068392 /* Preview Assets.xcassets in Resources */ = {isa = PBXBuildFile; fileRef = 781B372C2940E8D800068392 /* Preview Assets.xcassets */; };
		781B37352940EAEF00068392 /* PushManager.swift in Sources */ = {isa = PBXBuildFile; fileRef = 781B37342940EAEF00068392 /* PushManager.swift */; };
		781B37372940EBB300068392 /* AppDelegate.swift in Sources */ = {isa = PBXBuildFile; fileRef = 781B37362940EBB300068392 /* AppDelegate.swift */; };
		781B37392940F08800068392 /* NotificationAlert.swift in Sources */ = {isa = PBXBuildFile; fileRef = 781B37382940F08800068392 /* NotificationAlert.swift */; };
		781B373B2940F37200068392 /* Action.swift in Sources */ = {isa = PBXBuildFile; fileRef = 781B373A2940F37200068392 /* Action.swift */; };
		781B37432940F4D500068392 /* NotificationService.swift in Sources */ = {isa = PBXBuildFile; fileRef = 781B37422940F4D500068392 /* NotificationService.swift */; };
		781B37472940F4D500068392 /* notification-extension.appex in Embed Foundation Extensions */ = {isa = PBXBuildFile; fileRef = 781B37402940F4D500068392 /* notification-extension.appex */; settings = {ATTRIBUTES = (RemoveHeadersOnCopy, ); }; };
		781B374D2940F67500068392 /* Media.xcassets in Resources */ = {isa = PBXBuildFile; fileRef = 781B374C2940F67500068392 /* Media.xcassets */; };
		781B37552940F7EC00068392 /* Messages.framework in Frameworks */ = {isa = PBXBuildFile; fileRef = 781B37542940F7EC00068392 /* Messages.framework */; };
		781B37582940F7EC00068392 /* MessagesViewController.swift in Sources */ = {isa = PBXBuildFile; fileRef = 781B37572940F7EC00068392 /* MessagesViewController.swift */; };
		781B375B2940F7EC00068392 /* MainInterface.storyboard in Resources */ = {isa = PBXBuildFile; fileRef = 781B37592940F7EC00068392 /* MainInterface.storyboard */; };
		781B375D2940F7ED00068392 /* Assets.xcassets in Resources */ = {isa = PBXBuildFile; fileRef = 781B375C2940F7ED00068392 /* Assets.xcassets */; };
		781B37612940F7ED00068392 /* imessage-extension.appex in Embed Foundation Extensions */ = {isa = PBXBuildFile; fileRef = 781B37522940F7EC00068392 /* imessage-extension.appex */; settings = {ATTRIBUTES = (RemoveHeadersOnCopy, ); }; };
		781B37662940F86C00068392 /* ButtonsList.swift in Sources */ = {isa = PBXBuildFile; fileRef = 781B37652940F86C00068392 /* ButtonsList.swift */; };
		781B37682940F9A100068392 /* ActivityIndicator.swift in Sources */ = {isa = PBXBuildFile; fileRef = 781B37672940F9A100068392 /* ActivityIndicator.swift */; };
/* End PBXBuildFile section */

/* Begin PBXContainerItemProxy section */
		781B37452940F4D500068392 /* PBXContainerItemProxy */ = {
			isa = PBXContainerItemProxy;
			containerPortal = 781B371A2940E8D700068392 /* Project object */;
			proxyType = 1;
			remoteGlobalIDString = 781B373F2940F4D500068392;
			remoteInfo = "notification-extension";
		};
		781B375F2940F7ED00068392 /* PBXContainerItemProxy */ = {
			isa = PBXContainerItemProxy;
			containerPortal = 781B371A2940E8D700068392 /* Project object */;
			proxyType = 1;
			remoteGlobalIDString = 781B37512940F7EC00068392;
			remoteInfo = "imessage-extension";
		};
/* End PBXContainerItemProxy section */

/* Begin PBXCopyFilesBuildPhase section */
		781B374B2940F4D500068392 /* Embed Foundation Extensions */ = {
			isa = PBXCopyFilesBuildPhase;
			buildActionMask = 2147483647;
			dstPath = "";
			dstSubfolderSpec = 13;
			files = (
				781B37612940F7ED00068392 /* imessage-extension.appex in Embed Foundation Extensions */,
				781B37472940F4D500068392 /* notification-extension.appex in Embed Foundation Extensions */,
			);
			name = "Embed Foundation Extensions";
			runOnlyForDeploymentPostprocessing = 0;
		};
/* End PBXCopyFilesBuildPhase section */

/* Begin PBXFileReference section */
		781B37222940E8D700068392 /* push-notifications-lecture-11.app */ = {isa = PBXFileReference; explicitFileType = wrapper.application; includeInIndex = 0; path = "push-notifications-lecture-11.app"; sourceTree = BUILT_PRODUCTS_DIR; };
		781B37252940E8D700068392 /* push_notifications_lecture_11App.swift */ = {isa = PBXFileReference; lastKnownFileType = sourcecode.swift; path = push_notifications_lecture_11App.swift; sourceTree = "<group>"; };
		781B37272940E8D700068392 /* ContentView.swift */ = {isa = PBXFileReference; lastKnownFileType = sourcecode.swift; path = ContentView.swift; sourceTree = "<group>"; };
		781B37292940E8D800068392 /* Assets.xcassets */ = {isa = PBXFileReference; lastKnownFileType = folder.assetcatalog; path = Assets.xcassets; sourceTree = "<group>"; };
		781B372C2940E8D800068392 /* Preview Assets.xcassets */ = {isa = PBXFileReference; lastKnownFileType = folder.assetcatalog; path = "Preview Assets.xcassets"; sourceTree = "<group>"; };
		781B37332940EA0500068392 /* push-notifications-lecture-11.entitlements */ = {isa = PBXFileReference; lastKnownFileType = text.plist.entitlements; path = "push-notifications-lecture-11.entitlements"; sourceTree = "<group>"; };
		781B37342940EAEF00068392 /* PushManager.swift */ = {isa = PBXFileReference; lastKnownFileType = sourcecode.swift; path = PushManager.swift; sourceTree = "<group>"; };
		781B37362940EBB300068392 /* AppDelegate.swift */ = {isa = PBXFileReference; lastKnownFileType = sourcecode.swift; path = AppDelegate.swift; sourceTree = "<group>"; };
		781B37382940F08800068392 /* NotificationAlert.swift */ = {isa = PBXFileReference; lastKnownFileType = sourcecode.swift; path = NotificationAlert.swift; sourceTree = "<group>"; };
		781B373A2940F37200068392 /* Action.swift */ = {isa = PBXFileReference; lastKnownFileType = sourcecode.swift; path = Action.swift; sourceTree = "<group>"; };
		781B37402940F4D500068392 /* notification-extension.appex */ = {isa = PBXFileReference; explicitFileType = "wrapper.app-extension"; includeInIndex = 0; path = "notification-extension.appex"; sourceTree = BUILT_PRODUCTS_DIR; };
		781B37422940F4D500068392 /* NotificationService.swift */ = {isa = PBXFileReference; lastKnownFileType = sourcecode.swift; path = NotificationService.swift; sourceTree = "<group>"; };
		781B37442940F4D500068392 /* Info.plist */ = {isa = PBXFileReference; lastKnownFileType = text.plist.xml; path = Info.plist; sourceTree = "<group>"; };
		781B374C2940F67500068392 /* Media.xcassets */ = {isa = PBXFileReference; lastKnownFileType = folder.assetcatalog; path = Media.xcassets; sourceTree = "<group>"; };
		781B37522940F7EC00068392 /* imessage-extension.appex */ = {isa = PBXFileReference; explicitFileType = "wrapper.app-extension"; includeInIndex = 0; path = "imessage-extension.appex"; sourceTree = BUILT_PRODUCTS_DIR; };
		781B37542940F7EC00068392 /* Messages.framework */ = {isa = PBXFileReference; lastKnownFileType = wrapper.framework; name = Messages.framework; path = System/Library/Frameworks/Messages.framework; sourceTree = SDKROOT; };
		781B37572940F7EC00068392 /* MessagesViewController.swift */ = {isa = PBXFileReference; lastKnownFileType = sourcecode.swift; path = MessagesViewController.swift; sourceTree = "<group>"; };
		781B375A2940F7EC00068392 /* Base */ = {isa = PBXFileReference; lastKnownFileType = file.storyboard; name = Base; path = Base.lproj/MainInterface.storyboard; sourceTree = "<group>"; };
		781B375C2940F7ED00068392 /* Assets.xcassets */ = {isa = PBXFileReference; lastKnownFileType = folder.assetcatalog; path = Assets.xcassets; sourceTree = "<group>"; };
		781B375E2940F7ED00068392 /* Info.plist */ = {isa = PBXFileReference; lastKnownFileType = text.plist.xml; path = Info.plist; sourceTree = "<group>"; };
		781B37652940F86C00068392 /* ButtonsList.swift */ = {isa = PBXFileReference; lastKnownFileType = sourcecode.swift; path = ButtonsList.swift; sourceTree = "<group>"; };
		781B37672940F9A100068392 /* ActivityIndicator.swift */ = {isa = PBXFileReference; lastKnownFileType = sourcecode.swift; path = ActivityIndicator.swift; sourceTree = "<group>"; };
/* End PBXFileReference section */

/* Begin PBXFrameworksBuildPhase section */
		781B371F2940E8D700068392 /* Frameworks */ = {
			isa = PBXFrameworksBuildPhase;
			buildActionMask = 2147483647;
			files = (
			);
			runOnlyForDeploymentPostprocessing = 0;
		};
		781B373D2940F4D500068392 /* Frameworks */ = {
			isa = PBXFrameworksBuildPhase;
			buildActionMask = 2147483647;
			files = (
			);
			runOnlyForDeploymentPostprocessing = 0;
		};
		781B374F2940F7EC00068392 /* Frameworks */ = {
			isa = PBXFrameworksBuildPhase;
			buildActionMask = 2147483647;
			files = (
				781B37552940F7EC00068392 /* Messages.framework in Frameworks */,
			);
			runOnlyForDeploymentPostprocessing = 0;
		};
/* End PBXFrameworksBuildPhase section */

/* Begin PBXGroup section */
		781B37192940E8D700068392 = {
			isa = PBXGroup;
			children = (
				781B37242940E8D700068392 /* push-notifications-lecture-11 */,
				781B37412940F4D500068392 /* notification-extension */,
				781B37562940F7EC00068392 /* imessage-extension */,
				781B37532940F7EC00068392 /* Frameworks */,
				781B37232940E8D700068392 /* Products */,
			);
			sourceTree = "<group>";
		};
		781B37232940E8D700068392 /* Products */ = {
			isa = PBXGroup;
			children = (
				781B37222940E8D700068392 /* push-notifications-lecture-11.app */,
				781B37402940F4D500068392 /* notification-extension.appex */,
				781B37522940F7EC00068392 /* imessage-extension.appex */,
			);
			name = Products;
			sourceTree = "<group>";
		};
		781B37242940E8D700068392 /* push-notifications-lecture-11 */ = {
			isa = PBXGroup;
			children = (
				781B37332940EA0500068392 /* push-notifications-lecture-11.entitlements */,
				781B37252940E8D700068392 /* push_notifications_lecture_11App.swift */,
				781B37362940EBB300068392 /* AppDelegate.swift */,
				781B37342940EAEF00068392 /* PushManager.swift */,
				781B37272940E8D700068392 /* ContentView.swift */,
				785963C02949FB820025AB09 /* Model */,
				781B37292940E8D800068392 /* Assets.xcassets */,
				781B372B2940E8D800068392 /* Preview Content */,
			);
			path = "push-notifications-lecture-11";
			sourceTree = "<group>";
		};
		781B372B2940E8D800068392 /* Preview Content */ = {
			isa = PBXGroup;
			children = (
				781B372C2940E8D800068392 /* Preview Assets.xcassets */,
			);
			path = "Preview Content";
			sourceTree = "<group>";
		};
		781B37412940F4D500068392 /* notification-extension */ = {
			isa = PBXGroup;
			children = (
				781B37422940F4D500068392 /* NotificationService.swift */,
				781B37442940F4D500068392 /* Info.plist */,
				781B374C2940F67500068392 /* Media.xcassets */,
			);
			path = "notification-extension";
			sourceTree = "<group>";
		};
		781B37532940F7EC00068392 /* Frameworks */ = {
			isa = PBXGroup;
			children = (
				781B37542940F7EC00068392 /* Messages.framework */,
			);
			name = Frameworks;
			sourceTree = "<group>";
		};
		781B37562940F7EC00068392 /* imessage-extension */ = {
			isa = PBXGroup;
			children = (
				781B37572940F7EC00068392 /* MessagesViewController.swift */,
				781B37592940F7EC00068392 /* MainInterface.storyboard */,
				781B375C2940F7ED00068392 /* Assets.xcassets */,
				781B375E2940F7ED00068392 /* Info.plist */,
				781B37652940F86C00068392 /* ButtonsList.swift */,
				781B37672940F9A100068392 /* ActivityIndicator.swift */,
			);
			path = "imessage-extension";
			sourceTree = "<group>";
		};
		785963C02949FB820025AB09 /* Model */ = {
			isa = PBXGroup;
			children = (
				781B373A2940F37200068392 /* Action.swift */,
				781B37382940F08800068392 /* NotificationAlert.swift */,
			);
			path = Model;
			sourceTree = "<group>";
		};
/* End PBXGroup section */

/* Begin PBXNativeTarget section */
		781B37212940E8D700068392 /* push-notifications-lecture-11 */ = {
			isa = PBXNativeTarget;
			buildConfigurationList = 781B37302940E8D800068392 /* Build configuration list for PBXNativeTarget "push-notifications-lecture-11" */;
			buildPhases = (
				781B371E2940E8D700068392 /* Sources */,
				781B371F2940E8D700068392 /* Frameworks */,
				781B37202940E8D700068392 /* Resources */,
				781B374B2940F4D500068392 /* Embed Foundation Extensions */,
			);
			buildRules = (
			);
			dependencies = (
				781B37462940F4D500068392 /* PBXTargetDependency */,
				781B37602940F7ED00068392 /* PBXTargetDependency */,
			);
			name = "push-notifications-lecture-11";
			productName = "push-notifications-lecture-11";
			productReference = 781B37222940E8D700068392 /* push-notifications-lecture-11.app */;
			productType = "com.apple.product-type.application";
		};
		781B373F2940F4D500068392 /* notification-extension */ = {
			isa = PBXNativeTarget;
			buildConfigurationList = 781B37482940F4D500068392 /* Build configuration list for PBXNativeTarget "notification-extension" */;
			buildPhases = (
				781B373C2940F4D500068392 /* Sources */,
				781B373D2940F4D500068392 /* Frameworks */,
				781B373E2940F4D500068392 /* Resources */,
			);
			buildRules = (
			);
			dependencies = (
			);
			name = "notification-extension";
			productName = "notification-extension";
			productReference = 781B37402940F4D500068392 /* notification-extension.appex */;
			productType = "com.apple.product-type.app-extension";
		};
		781B37512940F7EC00068392 /* imessage-extension */ = {
			isa = PBXNativeTarget;
			buildConfigurationList = 781B37622940F7ED00068392 /* Build configuration list for PBXNativeTarget "imessage-extension" */;
			buildPhases = (
				781B374E2940F7EC00068392 /* Sources */,
				781B374F2940F7EC00068392 /* Frameworks */,
				781B37502940F7EC00068392 /* Resources */,
			);
			buildRules = (
			);
			dependencies = (
			);
			name = "imessage-extension";
			productName = "imessage-extension";
			productReference = 781B37522940F7EC00068392 /* imessage-extension.appex */;
			productType = "com.apple.product-type.app-extension.messages";
		};
/* End PBXNativeTarget section */

/* Begin PBXProject section */
		781B371A2940E8D700068392 /* Project object */ = {
			isa = PBXProject;
			attributes = {
				BuildIndependentTargetsInParallel = 1;
				LastSwiftUpdateCheck = 1400;
				LastUpgradeCheck = 1400;
				TargetAttributes = {
					781B37212940E8D700068392 = {
						CreatedOnToolsVersion = 14.0.1;
					};
					781B373F2940F4D500068392 = {
						CreatedOnToolsVersion = 14.0.1;
					};
					781B37512940F7EC00068392 = {
						CreatedOnToolsVersion = 14.0.1;
					};
				};
			};
			buildConfigurationList = 781B371D2940E8D700068392 /* Build configuration list for PBXProject "push-notifications-lecture-11" */;
			compatibilityVersion = "Xcode 14.0";
			developmentRegion = en;
			hasScannedForEncodings = 0;
			knownRegions = (
				en,
				Base,
			);
			mainGroup = 781B37192940E8D700068392;
			productRefGroup = 781B37232940E8D700068392 /* Products */;
			projectDirPath = "";
			projectRoot = "";
			targets = (
				781B37212940E8D700068392 /* push-notifications-lecture-11 */,
				781B373F2940F4D500068392 /* notification-extension */,
				781B37512940F7EC00068392 /* imessage-extension */,
			);
		};
/* End PBXProject section */

/* Begin PBXResourcesBuildPhase section */
		781B37202940E8D700068392 /* Resources */ = {
			isa = PBXResourcesBuildPhase;
			buildActionMask = 2147483647;
			files = (
				781B372D2940E8D800068392 /* Preview Assets.xcassets in Resources */,
				781B372A2940E8D800068392 /* Assets.xcassets in Resources */,
			);
			runOnlyForDeploymentPostprocessing = 0;
		};
		781B373E2940F4D500068392 /* Resources */ = {
			isa = PBXResourcesBuildPhase;
			buildActionMask = 2147483647;
			files = (
				781B374D2940F67500068392 /* Media.xcassets in Resources */,
			);
			runOnlyForDeploymentPostprocessing = 0;
		};
		781B37502940F7EC00068392 /* Resources */ = {
			isa = PBXResourcesBuildPhase;
			buildActionMask = 2147483647;
			files = (
				781B375D2940F7ED00068392 /* Assets.xcassets in Resources */,
				781B375B2940F7EC00068392 /* MainInterface.storyboard in Resources */,
			);
			runOnlyForDeploymentPostprocessing = 0;
		};
/* End PBXResourcesBuildPhase section */

/* Begin PBXSourcesBuildPhase section */
		781B371E2940E8D700068392 /* Sources */ = {
			isa = PBXSourcesBuildPhase;
			buildActionMask = 2147483647;
			files = (
				781B37372940EBB300068392 /* AppDelegate.swift in Sources */,
				781B373B2940F37200068392 /* Action.swift in Sources */,
				781B37352940EAEF00068392 /* PushManager.swift in Sources */,
				781B37282940E8D700068392 /* ContentView.swift in Sources */,
				781B37392940F08800068392 /* NotificationAlert.swift in Sources */,
				781B37262940E8D700068392 /* push_notifications_lecture_11App.swift in Sources */,
			);
			runOnlyForDeploymentPostprocessing = 0;
		};
		781B373C2940F4D500068392 /* Sources */ = {
			isa = PBXSourcesBuildPhase;
			buildActionMask = 2147483647;
			files = (
				781B37432940F4D500068392 /* NotificationService.swift in Sources */,
			);
			runOnlyForDeploymentPostprocessing = 0;
		};
		781B374E2940F7EC00068392 /* Sources */ = {
			isa = PBXSourcesBuildPhase;
			buildActionMask = 2147483647;
			files = (
				781B37582940F7EC00068392 /* MessagesViewController.swift in Sources */,
				781B37682940F9A100068392 /* ActivityIndicator.swift in Sources */,
				781B37662940F86C00068392 /* ButtonsList.swift in Sources */,
			);
			runOnlyForDeploymentPostprocessing = 0;
		};
/* End PBXSourcesBuildPhase section */

/* Begin PBXTargetDependency section */
		781B37462940F4D500068392 /* PBXTargetDependency */ = {
			isa = PBXTargetDependency;
			target = 781B373F2940F4D500068392 /* notification-extension */;
			targetProxy = 781B37452940F4D500068392 /* PBXContainerItemProxy */;
		};
		781B37602940F7ED00068392 /* PBXTargetDependency */ = {
			isa = PBXTargetDependency;
			target = 781B37512940F7EC00068392 /* imessage-extension */;
			targetProxy = 781B375F2940F7ED00068392 /* PBXContainerItemProxy */;
		};
/* End PBXTargetDependency section */

/* Begin PBXVariantGroup section */
		781B37592940F7EC00068392 /* MainInterface.storyboard */ = {
			isa = PBXVariantGroup;
			children = (
				781B375A2940F7EC00068392 /* Base */,
			);
			name = MainInterface.storyboard;
			sourceTree = "<group>";
		};
/* End PBXVariantGroup section */

/* Begin XCBuildConfiguration section */
		781B372E2940E8D800068392 /* Debug */ = {
			isa = XCBuildConfiguration;
			buildSettings = {
				ALWAYS_SEARCH_USER_PATHS = NO;
				CLANG_ANALYZER_NONNULL = YES;
				CLANG_ANALYZER_NUMBER_OBJECT_CONVERSION = YES_AGGRESSIVE;
				CLANG_CXX_LANGUAGE_STANDARD = "gnu++20";
				CLANG_ENABLE_MODULES = YES;
				CLANG_ENABLE_OBJC_ARC = YES;
				CLANG_ENABLE_OBJC_WEAK = YES;
				CLANG_WARN_BLOCK_CAPTURE_AUTORELEASING = YES;
				CLANG_WARN_BOOL_CONVERSION = YES;
				CLANG_WARN_COMMA = YES;
				CLANG_WARN_CONSTANT_CONVERSION = YES;
				CLANG_WARN_DEPRECATED_OBJC_IMPLEMENTATIONS = YES;
				CLANG_WARN_DIRECT_OBJC_ISA_USAGE = YES_ERROR;
				CLANG_WARN_DOCUMENTATION_COMMENTS = YES;
				CLANG_WARN_EMPTY_BODY = YES;
				CLANG_WARN_ENUM_CONVERSION = YES;
				CLANG_WARN_INFINITE_RECURSION = YES;
				CLANG_WARN_INT_CONVERSION = YES;
				CLANG_WARN_NON_LITERAL_NULL_CONVERSION = YES;
				CLANG_WARN_OBJC_IMPLICIT_RETAIN_SELF = YES;
				CLANG_WARN_OBJC_LITERAL_CONVERSION = YES;
				CLANG_WARN_OBJC_ROOT_CLASS = YES_ERROR;
				CLANG_WARN_QUOTED_INCLUDE_IN_FRAMEWORK_HEADER = YES;
				CLANG_WARN_RANGE_LOOP_ANALYSIS = YES;
				CLANG_WARN_STRICT_PROTOTYPES = YES;
				CLANG_WARN_SUSPICIOUS_MOVE = YES;
				CLANG_WARN_UNGUARDED_AVAILABILITY = YES_AGGRESSIVE;
				CLANG_WARN_UNREACHABLE_CODE = YES;
				CLANG_WARN__DUPLICATE_METHOD_MATCH = YES;
				COPY_PHASE_STRIP = NO;
				DEBUG_INFORMATION_FORMAT = dwarf;
				ENABLE_STRICT_OBJC_MSGSEND = YES;
				ENABLE_TESTABILITY = YES;
				GCC_C_LANGUAGE_STANDARD = gnu11;
				GCC_DYNAMIC_NO_PIC = NO;
				GCC_NO_COMMON_BLOCKS = YES;
				GCC_OPTIMIZATION_LEVEL = 0;
				GCC_PREPROCESSOR_DEFINITIONS = (
					"DEBUG=1",
					"$(inherited)",
				);
				GCC_WARN_64_TO_32_BIT_CONVERSION = YES;
				GCC_WARN_ABOUT_RETURN_TYPE = YES_ERROR;
				GCC_WARN_UNDECLARED_SELECTOR = YES;
				GCC_WARN_UNINITIALIZED_AUTOS = YES_AGGRESSIVE;
				GCC_WARN_UNUSED_FUNCTION = YES;
				GCC_WARN_UNUSED_VARIABLE = YES;
				IPHONEOS_DEPLOYMENT_TARGET = 16.0;
				MTL_ENABLE_DEBUG_INFO = INCLUDE_SOURCE;
				MTL_FAST_MATH = YES;
				ONLY_ACTIVE_ARCH = YES;
				SDKROOT = iphoneos;
				SWIFT_ACTIVE_COMPILATION_CONDITIONS = DEBUG;
				SWIFT_OPTIMIZATION_LEVEL = "-Onone";
			};
			name = Debug;
		};
		781B372F2940E8D800068392 /* Release */ = {
			isa = XCBuildConfiguration;
			buildSettings = {
				ALWAYS_SEARCH_USER_PATHS = NO;
				CLANG_ANALYZER_NONNULL = YES;
				CLANG_ANALYZER_NUMBER_OBJECT_CONVERSION = YES_AGGRESSIVE;
				CLANG_CXX_LANGUAGE_STANDARD = "gnu++20";
				CLANG_ENABLE_MODULES = YES;
				CLANG_ENABLE_OBJC_ARC = YES;
				CLANG_ENABLE_OBJC_WEAK = YES;
				CLANG_WARN_BLOCK_CAPTURE_AUTORELEASING = YES;
				CLANG_WARN_BOOL_CONVERSION = YES;
				CLANG_WARN_COMMA = YES;
				CLANG_WARN_CONSTANT_CONVERSION = YES;
				CLANG_WARN_DEPRECATED_OBJC_IMPLEMENTATIONS = YES;
				CLANG_WARN_DIRECT_OBJC_ISA_USAGE = YES_ERROR;
				CLANG_WARN_DOCUMENTATION_COMMENTS = YES;
				CLANG_WARN_EMPTY_BODY = YES;
				CLANG_WARN_ENUM_CONVERSION = YES;
				CLANG_WARN_INFINITE_RECURSION = YES;
				CLANG_WARN_INT_CONVERSION = YES;
				CLANG_WARN_NON_LITERAL_NULL_CONVERSION = YES;
				CLANG_WARN_OBJC_IMPLICIT_RETAIN_SELF = YES;
				CLANG_WARN_OBJC_LITERAL_CONVERSION = YES;
				CLANG_WARN_OBJC_ROOT_CLASS = YES_ERROR;
				CLANG_WARN_QUOTED_INCLUDE_IN_FRAMEWORK_HEADER = YES;
				CLANG_WARN_RANGE_LOOP_ANALYSIS = YES;
				CLANG_WARN_STRICT_PROTOTYPES = YES;
				CLANG_WARN_SUSPICIOUS_MOVE = YES;
				CLANG_WARN_UNGUARDED_AVAILABILITY = YES_AGGRESSIVE;
				CLANG_WARN_UNREACHABLE_CODE = YES;
				CLANG_WARN__DUPLICATE_METHOD_MATCH = YES;
				COPY_PHASE_STRIP = NO;
				DEBUG_INFORMATION_FORMAT = "dwarf-with-dsym";
				ENABLE_NS_ASSERTIONS = NO;
				ENABLE_STRICT_OBJC_MSGSEND = YES;
				GCC_C_LANGUAGE_STANDARD = gnu11;
				GCC_NO_COMMON_BLOCKS = YES;
				GCC_WARN_64_TO_32_BIT_CONVERSION = YES;
				GCC_WARN_ABOUT_RETURN_TYPE = YES_ERROR;
				GCC_WARN_UNDECLARED_SELECTOR = YES;
				GCC_WARN_UNINITIALIZED_AUTOS = YES_AGGRESSIVE;
				GCC_WARN_UNUSED_FUNCTION = YES;
				GCC_WARN_UNUSED_VARIABLE = YES;
				IPHONEOS_DEPLOYMENT_TARGET = 16.0;
				MTL_ENABLE_DEBUG_INFO = NO;
				MTL_FAST_MATH = YES;
				SDKROOT = iphoneos;
				SWIFT_COMPILATION_MODE = wholemodule;
				SWIFT_OPTIMIZATION_LEVEL = "-O";
				VALIDATE_PRODUCT = YES;
			};
			name = Release;
		};
		781B37312940E8D800068392 /* Debug */ = {
			isa = XCBuildConfiguration;
			buildSettings = {
				ALWAYS_EMBED_SWIFT_STANDARD_LIBRARIES = YES;
				ASSETCATALOG_COMPILER_APPICON_NAME = AppIcon;
				ASSETCATALOG_COMPILER_GLOBAL_ACCENT_COLOR_NAME = AccentColor;
				CODE_SIGN_ENTITLEMENTS = "push-notifications-lecture-11/push-notifications-lecture-11.entitlements";
				CODE_SIGN_STYLE = Automatic;
				CURRENT_PROJECT_VERSION = 1;
				DEVELOPMENT_ASSET_PATHS = "\"push-notifications-lecture-11/Preview Content\"";
				DEVELOPMENT_TEAM = 4VAZE7CCFB;
				ENABLE_PREVIEWS = YES;
				GENERATE_INFOPLIST_FILE = YES;
				INFOPLIST_KEY_UIApplicationSceneManifest_Generation = YES;
				INFOPLIST_KEY_UIApplicationSupportsIndirectInputEvents = YES;
				INFOPLIST_KEY_UILaunchScreen_Generation = YES;
				INFOPLIST_KEY_UISupportedInterfaceOrientations_iPad = "UIInterfaceOrientationPortrait UIInterfaceOrientationPortraitUpsideDown UIInterfaceOrientationLandscapeLeft UIInterfaceOrientationLandscapeRight";
				INFOPLIST_KEY_UISupportedInterfaceOrientations_iPhone = "UIInterfaceOrientationPortrait UIInterfaceOrientationLandscapeLeft UIInterfaceOrientationLandscapeRight";
				LD_RUNPATH_SEARCH_PATHS = (
					"$(inherited)",
					"@executable_path/Frameworks",
				);
				MARKETING_VERSION = 1.0;
				PRODUCT_BUNDLE_IDENTIFIER = "cvut.fit.push-notifications-lecture-11";
				PRODUCT_NAME = "$(TARGET_NAME)";
				SWIFT_EMIT_LOC_STRINGS = YES;
				SWIFT_VERSION = 5.0;
				TARGETED_DEVICE_FAMILY = "1,2";
			};
			name = Debug;
		};
		781B37322940E8D800068392 /* Release */ = {
			isa = XCBuildConfiguration;
			buildSettings = {
				ALWAYS_EMBED_SWIFT_STANDARD_LIBRARIES = YES;
				ASSETCATALOG_COMPILER_APPICON_NAME = AppIcon;
				ASSETCATALOG_COMPILER_GLOBAL_ACCENT_COLOR_NAME = AccentColor;
				CODE_SIGN_ENTITLEMENTS = "push-notifications-lecture-11/push-notifications-lecture-11.entitlements";
				CODE_SIGN_STYLE = Automatic;
				CURRENT_PROJECT_VERSION = 1;
				DEVELOPMENT_ASSET_PATHS = "\"push-notifications-lecture-11/Preview Content\"";
				DEVELOPMENT_TEAM = 4VAZE7CCFB;
				ENABLE_PREVIEWS = YES;
				GENERATE_INFOPLIST_FILE = YES;
				INFOPLIST_KEY_UIApplicationSceneManifest_Generation = YES;
				INFOPLIST_KEY_UIApplicationSupportsIndirectInputEvents = YES;
				INFOPLIST_KEY_UILaunchScreen_Generation = YES;
				INFOPLIST_KEY_UISupportedInterfaceOrientations_iPad = "UIInterfaceOrientationPortrait UIInterfaceOrientationPortraitUpsideDown UIInterfaceOrientationLandscapeLeft UIInterfaceOrientationLandscapeRight";
				INFOPLIST_KEY_UISupportedInterfaceOrientations_iPhone = "UIInterfaceOrientationPortrait UIInterfaceOrientationLandscapeLeft UIInterfaceOrientationLandscapeRight";
				LD_RUNPATH_SEARCH_PATHS = (
					"$(inherited)",
					"@executable_path/Frameworks",
				);
				MARKETING_VERSION = 1.0;
				PRODUCT_BUNDLE_IDENTIFIER = "cvut.fit.push-notifications-lecture-11";
				PRODUCT_NAME = "$(TARGET_NAME)";
				SWIFT_EMIT_LOC_STRINGS = YES;
				SWIFT_VERSION = 5.0;
				TARGETED_DEVICE_FAMILY = "1,2";
			};
			name = Release;
		};
		781B37492940F4D500068392 /* Debug */ = {
			isa = XCBuildConfiguration;
			buildSettings = {
				CODE_SIGN_STYLE = Automatic;
				CURRENT_PROJECT_VERSION = 1;
				DEVELOPMENT_TEAM = 4VAZE7CCFB;
				GENERATE_INFOPLIST_FILE = YES;
				INFOPLIST_FILE = "notification-extension/Info.plist";
				INFOPLIST_KEY_CFBundleDisplayName = "notification-extension";
				INFOPLIST_KEY_NSHumanReadableCopyright = "";
				LD_RUNPATH_SEARCH_PATHS = (
					"$(inherited)",
					"@executable_path/Frameworks",
					"@executable_path/../../Frameworks",
				);
				MARKETING_VERSION = 1.0;
				PRODUCT_BUNDLE_IDENTIFIER = "cvut.fit.push-notifications-lecture-11.notification-extension";
				PRODUCT_NAME = "$(TARGET_NAME)";
				SKIP_INSTALL = YES;
				SWIFT_EMIT_LOC_STRINGS = YES;
				SWIFT_VERSION = 5.0;
				TARGETED_DEVICE_FAMILY = "1,2";
			};
			name = Debug;
		};
		781B374A2940F4D500068392 /* Release */ = {
			isa = XCBuildConfiguration;
			buildSettings = {
				CODE_SIGN_STYLE = Automatic;
				CURRENT_PROJECT_VERSION = 1;
				DEVELOPMENT_TEAM = 4VAZE7CCFB;
				GENERATE_INFOPLIST_FILE = YES;
				INFOPLIST_FILE = "notification-extension/Info.plist";
				INFOPLIST_KEY_CFBundleDisplayName = "notification-extension";
				INFOPLIST_KEY_NSHumanReadableCopyright = "";
				LD_RUNPATH_SEARCH_PATHS = (
					"$(inherited)",
					"@executable_path/Frameworks",
					"@executable_path/../../Frameworks",
				);
				MARKETING_VERSION = 1.0;
				PRODUCT_BUNDLE_IDENTIFIER = "cvut.fit.push-notifications-lecture-11.notification-extension";
				PRODUCT_NAME = "$(TARGET_NAME)";
				SKIP_INSTALL = YES;
				SWIFT_EMIT_LOC_STRINGS = YES;
				SWIFT_VERSION = 5.0;
				TARGETED_DEVICE_FAMILY = "1,2";
			};
			name = Release;
		};
		781B37632940F7ED00068392 /* Debug */ = {
			isa = XCBuildConfiguration;
			buildSettings = {
				ASSETCATALOG_COMPILER_APPICON_NAME = "iMessage App Icon";
				CODE_SIGN_STYLE = Automatic;
				CURRENT_PROJECT_VERSION = 1;
				DEVELOPMENT_TEAM = 4VAZE7CCFB;
				GENERATE_INFOPLIST_FILE = YES;
				INFOPLIST_FILE = "imessage-extension/Info.plist";
				INFOPLIST_KEY_CFBundleDisplayName = "imessage-extension";
				INFOPLIST_KEY_NSHumanReadableCopyright = "";
				LD_RUNPATH_SEARCH_PATHS = (
					"$(inherited)",
					"@executable_path/Frameworks",
					"@executable_path/../../Frameworks",
				);
				MARKETING_VERSION = 1.0;
				PRODUCT_BUNDLE_IDENTIFIER = "cvut.fit.push-notifications-lecture-11.imessage-extension";
				PRODUCT_NAME = "$(TARGET_NAME)";
				SKIP_INSTALL = YES;
				SWIFT_EMIT_LOC_STRINGS = YES;
				SWIFT_VERSION = 5.0;
				TARGETED_DEVICE_FAMILY = "1,2";
			};
			name = Debug;
		};
		781B37642940F7ED00068392 /* Release */ = {
			isa = XCBuildConfiguration;
			buildSettings = {
				ASSETCATALOG_COMPILER_APPICON_NAME = "iMessage App Icon";
				CODE_SIGN_STYLE = Automatic;
				CURRENT_PROJECT_VERSION = 1;
				DEVELOPMENT_TEAM = 4VAZE7CCFB;
				GENERATE_INFOPLIST_FILE = YES;
				INFOPLIST_FILE = "imessage-extension/Info.plist";
				INFOPLIST_KEY_CFBundleDisplayName = "imessage-extension";
				INFOPLIST_KEY_NSHumanReadableCopyright = "";
				LD_RUNPATH_SEARCH_PATHS = (
					"$(inherited)",
					"@executable_path/Frameworks",
					"@executable_path/../../Frameworks",
				);
				MARKETING_VERSION = 1.0;
				PRODUCT_BUNDLE_IDENTIFIER = "cvut.fit.push-notifications-lecture-11.imessage-extension";
				PRODUCT_NAME = "$(TARGET_NAME)";
				SKIP_INSTALL = YES;
				SWIFT_EMIT_LOC_STRINGS = YES;
				SWIFT_VERSION = 5.0;
				TARGETED_DEVICE_FAMILY = "1,2";
			};
			name = Release;
		};
/* End XCBuildConfiguration section */

/* Begin XCConfigurationList section */
		781B371D2940E8D700068392 /* Build configuration list for PBXProject "push-notifications-lecture-11" */ = {
			isa = XCConfigurationList;
			buildConfigurations = (
				781B372E2940E8D800068392 /* Debug */,
				781B372F2940E8D800068392 /* Release */,
			);
			defaultConfigurationIsVisible = 0;
			defaultConfigurationName = Release;
		};
		781B37302940E8D800068392 /* Build configuration list for PBXNativeTarget "push-notifications-lecture-11" */ = {
			isa = XCConfigurationList;
			buildConfigurations = (
				781B37312940E8D800068392 /* Debug */,
				781B37322940E8D800068392 /* Release */,
			);
			defaultConfigurationIsVisible = 0;
			defaultConfigurationName = Release;
		};
		781B37482940F4D500068392 /* Build configuration list for PBXNativeTarget "notification-extension" */ = {
			isa = XCConfigurationList;
			buildConfigurations = (
				781B37492940F4D500068392 /* Debug */,
				781B374A2940F4D500068392 /* Release */,
			);
			defaultConfigurationIsVisible = 0;
			defaultConfigurationName = Release;
		};
		781B37622940F7ED00068392 /* Build configuration list for PBXNativeTarget "imessage-extension" */ = {
			isa = XCConfigurationList;
			buildConfigurations = (
				781B37632940F7ED00068392 /* Debug */,
				781B37642940F7ED00068392 /* Release */,
			);
			defaultConfigurationIsVisible = 0;
			defaultConfigurationName = Release;
		};
/* End XCConfigurationList section */
	};
	rootObject = 781B371A2940E8D700068392 /* Project object */;
}
